
Microsoft Visual Studio Solution File, Format Version 12.00
# Visual Studio Version 17
VisualStudioVersion = 17.4.33213.308
MinimumVisualStudioVersion = 10.0.40219.1
Project("{FAE04EC0-301F-11D3-BF4B-00C04F79EFBC}") = "no_parameter_returntype", "no_parameter_returntype\no_parameter_returntype.csproj", "{1CDBB50D-AD5F-442C-B1A3-AAAC3B38A7FE}"
EndProject
Global
	GlobalSection(SolutionConfigurationPlatforms) = preSolution
		Debug|Any CPU = Debug|Any CPU
		Release|Any CPU = Release|Any CPU
	EndGlobalSection
	GlobalSection(ProjectConfigurationPlatforms) = postSolution
		{1CDBB50D-AD5F-442C-B1A3-AAAC3B38A7FE}.Debug|Any CPU.ActiveCfg = Debug|Any CPU
		{1CDBB50D-AD5F-442C-B1A3-AAAC3B38A7FE}.Debug|Any CPU.Build.0 = Debug|Any CPU
		{1CDBB50D-AD5F-442C-B1A3-AAAC3B38A7FE}.Release|Any CPU.ActiveCfg = Release|Any CPU
		{1CDBB50D-AD5F-442C-B1A3-AAAC3B38A7FE}.Release|Any CPU.Build.0 = Release|Any CPU
	EndGlobalSection
	GlobalSection(SolutionProperties) = preSolution
		HideSolutionNode = FALSE
	EndGlobalSection
	GlobalSection(ExtensibilityGlobals) = postSolution
		SolutionGuid = {0B379E39-7FA1-4160-BAED-FD0ECD403E54}
	EndGlobalSection
EndGlobal
