
Microsoft Visual Studio Solution File, Format Version 12.00
# Visual Studio Version 17
VisualStudioVersion = 17.4.33213.308
MinimumVisualStudioVersion = 10.0.40219.1
Project("{FAE04EC0-301F-11D3-BF4B-00C04F79EFBC}") = "parameter_no_return", "parameter_no_return\parameter_no_return.csproj", "{F2D9EF9D-5D50-42C4-A369-07A19C16ADB5}"
EndProject
Global
	GlobalSection(SolutionConfigurationPlatforms) = preSolution
		Debug|Any CPU = Debug|Any CPU
		Release|Any CPU = Release|Any CPU
	EndGlobalSection
	GlobalSection(ProjectConfigurationPlatforms) = postSolution
		{F2D9EF9D-5D50-42C4-A369-07A19C16ADB5}.Debug|Any CPU.ActiveCfg = Debug|Any CPU
		{F2D9EF9D-5D50-42C4-A369-07A19C16ADB5}.Debug|Any CPU.Build.0 = Debug|Any CPU
		{F2D9EF9D-5D50-42C4-A369-07A19C16ADB5}.Release|Any CPU.ActiveCfg = Release|Any CPU
		{F2D9EF9D-5D50-42C4-A369-07A19C16ADB5}.Release|Any CPU.Build.0 = Release|Any CPU
	EndGlobalSection
	GlobalSection(SolutionProperties) = preSolution
		HideSolutionNode = FALSE
	EndGlobalSection
	GlobalSection(ExtensibilityGlobals) = postSolution
		SolutionGuid = {8AAB4959-356F-467C-A7C7-12460C718204}
	EndGlobalSection
EndGlobal
