
Microsoft Visual Studio Solution File, Format Version 12.00
# Visual Studio Version 17
VisualStudioVersion = 17.4.33213.308
MinimumVisualStudioVersion = 10.0.40219.1
Project("{FAE04EC0-301F-11D3-BF4B-00C04F79EFBC}") = "operators", "operators\operators.csproj", "{5BB74DE8-F46C-429A-AA20-09416A084D19}"
EndProject
Global
	GlobalSection(SolutionConfigurationPlatforms) = preSolution
		Debug|Any CPU = Debug|Any CPU
		Release|Any CPU = Release|Any CPU
	EndGlobalSection
	GlobalSection(ProjectConfigurationPlatforms) = postSolution
		{5BB74DE8-F46C-429A-AA20-09416A084D19}.Debug|Any CPU.ActiveCfg = Debug|Any CPU
		{5BB74DE8-F46C-429A-AA20-09416A084D19}.Debug|Any CPU.Build.0 = Debug|Any CPU
		{5BB74DE8-F46C-429A-AA20-09416A084D19}.Release|Any CPU.ActiveCfg = Release|Any CPU
		{5BB74DE8-F46C-429A-AA20-09416A084D19}.Release|Any CPU.Build.0 = Release|Any CPU
	EndGlobalSection
	GlobalSection(SolutionProperties) = preSolution
		HideSolutionNode = FALSE
	EndGlobalSection
	GlobalSection(ExtensibilityGlobals) = postSolution
		SolutionGuid = {4E70102B-6B23-4E35-B395-DD5CF442CF88}
	EndGlobalSection
EndGlobal
